
Microsoft Visual Studio Solution File, Format Version 12.00
# Visual Studio 14
VisualStudioVersion = 14.0.25420.1
MinimumVisualStudioVersion = 10.0.40219.1
Project("{FAE04EC0-301F-11D3-BF4B-00C04F79EFBC}") = "ngVS", "ngVS\ngVS.csproj", "{589737FA-C818-49E2-BD11-4F3B1FD71622}"
EndProject
Global
	GlobalSection(SolutionConfigurationPlatforms) = preSolution
		Debug|Any CPU = Debug|Any CPU
		Release|Any CPU = Release|Any CPU
	EndGlobalSection
	GlobalSection(ProjectConfigurationPlatforms) = postSolution
		{589737FA-C818-49E2-BD11-4F3B1FD71622}.Debug|Any CPU.ActiveCfg = Debug|Any CPU
		{589737FA-C818-49E2-BD11-4F3B1FD71622}.Debug|Any CPU.Build.0 = Debug|Any CPU
		{589737FA-C818-49E2-BD11-4F3B1FD71622}.Release|Any CPU.ActiveCfg = Release|Any CPU
		{589737FA-C818-49E2-BD11-4F3B1FD71622}.Release|Any CPU.Build.0 = Release|Any CPU
	EndGlobalSection
	GlobalSection(SolutionProperties) = preSolution
		HideSolutionNode = FALSE
	EndGlobalSection
EndGlobal
